
Microsoft Visual Studio Solution File, Format Version 12.00
# Visual Studio 15
VisualStudioVersion = 15.0.27130.2027
MinimumVisualStudioVersion = 10.0.40219.1
Project("{FAE04EC0-301F-11D3-BF4B-00C04F79EFBC}") = "ProjectDB", "ProjectDB\ProjectDB.csproj", "{659540B3-3A05-4895-A515-084E10D8B808}"
EndProject
Project("{FAE04EC0-301F-11D3-BF4B-00C04F79EFBC}") = "ProjectDB.Tests", "ProjectDB.Tests\ProjectDB.Tests.csproj", "{983144CC-6E9F-451F-AB29-F90590BF6599}"
EndProject
Global
	GlobalSection(SolutionConfigurationPlatforms) = preSolution
		Debug|Any CPU = Debug|Any CPU
		Release|Any CPU = Release|Any CPU
	EndGlobalSection
	GlobalSection(ProjectConfigurationPlatforms) = postSolution
		{659540B3-3A05-4895-A515-084E10D8B808}.Debug|Any CPU.ActiveCfg = Debug|Any CPU
		{659540B3-3A05-4895-A515-084E10D8B808}.Debug|Any CPU.Build.0 = Debug|Any CPU
		{659540B3-3A05-4895-A515-084E10D8B808}.Release|Any CPU.ActiveCfg = Release|Any CPU
		{659540B3-3A05-4895-A515-084E10D8B808}.Release|Any CPU.Build.0 = Release|Any CPU
		{983144CC-6E9F-451F-AB29-F90590BF6599}.Debug|Any CPU.ActiveCfg = Debug|Any CPU
		{983144CC-6E9F-451F-AB29-F90590BF6599}.Debug|Any CPU.Build.0 = Debug|Any CPU
		{983144CC-6E9F-451F-AB29-F90590BF6599}.Release|Any CPU.ActiveCfg = Release|Any CPU
		{983144CC-6E9F-451F-AB29-F90590BF6599}.Release|Any CPU.Build.0 = Release|Any CPU
	EndGlobalSection
	GlobalSection(SolutionProperties) = preSolution
		HideSolutionNode = FALSE
	EndGlobalSection
	GlobalSection(ExtensibilityGlobals) = postSolution
		SolutionGuid = {4E9DD02B-D784-44C0-A56F-2EFC459C1C18}
	EndGlobalSection
EndGlobal
